PODS:
  - Alamofire (4.6.0)
  - AudioBot (1.1.1)
  - AutoReview (1.0.0)
  - Charts (3.0.5):
    - Charts/Core (= 3.0.5)
  - Charts/Core (3.0.5)
  - DACircularProgress (2.3.1)
  - DeviceGuru (3.0.1)
  - Differentiator (3.0.2)
  - GPUImage (0.1.7)
  - HandyJSON (4.0.0-beta.1)
  - IBAnimatable (5.0.0)
  - Kingfisher (4.6.2)
  - LFCameraPickerController (1.0.7):
    - LFCameraPickerController/Core (= 1.0.7)
    - SCRecorder
  - LFCameraPickerController/Core (1.0.7):
    - LFCameraPickerController/LFRecordButton
    - SCRecorder
  - LFCameraPickerController/LFRecordButton (1.0.7):
    - SCRecorder
  - MBProgressHUD (0.9.2)
  - Moya/Core (11.0.0):
    - Alamofire (~> 4.1)
    - Result (~> 3.0)
  - Moya/RxSwift (11.0.0):
    - Moya/Core
    - RxSwift (~> 4.0)
  - mp3lame-for-ios (0.1.1)
  - MWPhotoBrowser (2.1.2):
    - DACircularProgress (~> 2.3)
    - MBProgressHUD (~> 0.9)
    - SDWebImage (!= 3.7.2, ~> 3.7)
  - NSObject+Rx (4.2.0):
    - RxSwift (~> 4.0)
  - R.swift (4.0.0):
    - R.swift.Library (~> 4.0.0)
  - R.swift.Library (4.0.0)
  - Realm (3.1.1):
    - Realm/Headers (= 3.1.1)
  - Realm/Headers (3.1.1)
  - RealmSwift (3.1.1):
    - Realm (= 3.1.1)
  - Result (3.2.4)
  - ReSwift (4.0.1)
  - Router (1.0.0)
  - Ruler (2.1.0)
  - RxAlamofire (4.0.0):
    - RxAlamofire/Core (= 4.0.0)
  - RxAlamofire/Core (4.0.0):
    - Alamofire (~> 4.5)
    - RxSwift (~> 4.0)
  - RxBlocking (4.1.2):
    - RxSwift (~> 4.0)
  - RxCocoa (4.1.2):
    - RxSwift (~> 4.0)
  - RxDataSources (3.0.2):
    - Differentiator (~> 3.0)
    - RxCocoa (~> 4.0)
    - RxSwift (~> 4.0)
  - RxOptional (3.3.0):
    - RxCocoa (~> 4.0)
    - RxSwift (~> 4.0)
  - RxSwift (4.1.2)
  - SCRecorder (2.7.0)
  - SDWebImage (3.8.2):
    - SDWebImage/Core (= 3.8.2)
  - SDWebImage/Core (3.8.2)
  - SnapKit (4.0.0)
  - SwiftDate (4.5.1)
  - SwifterSwift (4.1.1):
    - SwifterSwift/AppKit (= 4.1.1)
    - SwifterSwift/CoreGraphics (= 4.1.1)
    - SwifterSwift/CoreLocation (= 4.1.1)
    - SwifterSwift/Foundation (= 4.1.1)
    - SwifterSwift/SwiftStdlib (= 4.1.1)
    - SwifterSwift/UIKit (= 4.1.1)
  - SwifterSwift/AppKit (4.1.1)
  - SwifterSwift/CoreGraphics (4.1.1)
  - SwifterSwift/CoreLocation (4.1.1)
  - SwifterSwift/Foundation (4.1.1)
  - SwifterSwift/SwiftStdlib (4.1.1)
  - SwifterSwift/UIKit (4.1.1)
  - SwiftTheme (0.4.1)
  - SwiftyJSON (4.0.0)
  - TZImagePickerController (2.0.0.6)

DEPENDENCIES:
  - Alamofire (~> 4.6.0)
  - AudioBot (~> 1.1.1)
  - AutoReview (~> 1.0.0)
  - Charts (~> 3.0.5)
  - DeviceGuru (~> 3.0.1)
  - GPUImage (~> 0.1.7)
  - HandyJSON (~> 4.0.0-beta.1)
  - IBAnimatable (~> 5.0.0)
  - Kingfisher (~> 4.6.2)
  - LFCameraPickerController (~> 1.0.7)
  - Moya/Core (~> 11.0.0)
  - Moya/RxSwift (~> 11.0.0)
  - mp3lame-for-ios (~> 0.1.1)
  - MWPhotoBrowser (~> 2.1.2)
  - NSObject+Rx (~> 4.2.0)
  - R.swift (~> 4.0.0)
  - RealmSwift (~> 3.1.1)
  - ReSwift (~> 4.0.1)
  - Router (from `https://github.com/ilumanxi/Router.git`)
  - Ruler (~> 2.1.0)
  - RxAlamofire (~> 4.0.0)
  - RxBlocking (~> 4.1.2)
  - RxCocoa (~> 4.1.2)
  - RxDataSources (~> 3.0.2)
  - RxOptional (~> 3.3.0)
  - RxSwift (~> 4.1.2)
  - SnapKit (~> 4.0.0)
  - SwiftDate (~> 4.5.1)
  - SwifterSwift (~> 4.1.1)
  - SwiftTheme (~> 0.4.1)
  - SwiftyJSON (~> 4.0.0)
  - TZImagePickerController (~> 2.0.0.6)

EXTERNAL SOURCES:
  Router:
    :git: https://github.com/ilumanxi/Router.git

CHECKOUT OPTIONS:
  Router:
    :commit: 0ece318cf7dd81d5cfad6ba38c2991e21ed660af
    :git: https://github.com/ilumanxi/Router.git

SPEC CHECKSUMS:
  Alamofire: f41a599bd63041760b26d393ec1069d9d7b917f4
  AudioBot: b7bcf3b18dc2cdccba14d798400c708908ad203d
  AutoReview: 6dd11897fe97eda0dca3a6aafc13eeeca453620a
  Charts: 45cdc985b764c838b35ee47eb1365d15735f6d1a
  DACircularProgress: 4dd437c0fc3da5161cb289e07ac449493d41db71
  DeviceGuru: 648c34deb10c6ef59b013ea2922c04c18d8973f0
  Differentiator: a87be69eba49ec4ab460c7671143ee3a9eececfd
  GPUImage: 733a5f0fab92df9de1c37ba9df520a833ccb406d
  HandyJSON: 428bb18e2c34c2a77361accebf90cf64e4f74118
  IBAnimatable: aa2286a9cf8fb4ae2e1be85c5287ae56143b024f
  Kingfisher: 55b9c395bf8d3949676ad3861111923990ab68cf
  LFCameraPickerController: 7af9051f3516a4bc8f758a56a94ecde3ef94f01a
  MBProgressHUD: 1569cf7ace17a8bac47aabfbb8580a49690386d1
  Moya: be29766339783963a70d1279d69c891ab3a1393c
  mp3lame-for-ios: 4daeb5686885be66438154050e3fe975d4ee1f07
  MWPhotoBrowser: 5836d7aa041dc05a13de380c246826578adc5ea5
  NSObject+Rx: cbbc05e3cb3ad446cdbced3e00e39c9efaf02925
  R.swift: d6a5ec2f55a8441dc0ed9f1f8b37d7d11ae85c66
  R.swift.Library: c3af34921024333546e23b70e70d0b4e0cffca75
  Realm: 42d1c38a5b1bbcc828b48a7ce702cb86fc68adf4
  RealmSwift: d31937ca6a6ee54acde64ec839523c0a3c04924b
  Result: d2d07204ce72856f1fd9130bbe42c35a7b0fea10
  ReSwift: f4012c613e13da7398827fe5aebdb938eaed40a3
  Router: 6088d6d321e097070d5ea4bd792cb015dfa0fbb4
  Ruler: 831c4a405a9ae0e5f1d6b824a46b4a2ac66da09f
  RxAlamofire: 6ea579ac53bf14cb4bc7049a3866e5a769989b1d
  RxBlocking: f6054985901412fc8c02daa84e92d4ba68c61389
  RxCocoa: d88ba0f1f6abf040011a9eb4b539324fc426843a
  RxDataSources: cb7c31e652a87ebb919da45f716bbb87b3765f6b
  RxOptional: e5448d3e21024489e07c31f6a262f2b50c975367
  RxSwift: e49536837d9901277638493ea537394d4b55f570
  SCRecorder: bbb521dbc222908876ec9cd9156bbc8a893bed44
  SDWebImage: 098e97e6176540799c27e804c96653ee0833d13c
  SnapKit: a42d492c16e80209130a3379f73596c3454b7694
  SwiftDate: 7b56d42a221f582047287deb256b23fc5ed49a60
  SwifterSwift: bfcae9d659dfd306d164f13f72cad09198f30723
  SwiftTheme: 36d71c4eed4b2c401c782cf036e4586c749a8173
  SwiftyJSON: 070dabdcb1beb81b247c65ffa3a79dbbfb3b48aa
  TZImagePickerController: 028d1670cd46b2d35769503dd36a6b2d21eee563

PODFILE CHECKSUM: b84c92b49e49830c5791f986634dc183eeefaff5

COCOAPODS: 1.4.0
